
Microsoft Visual Studio Solution File, Format Version 12.00
# Visual Studio Version 17
VisualStudioVersion = 17.0.31903.59
MinimumVisualStudioVersion = 10.0.40219.1
Project("{F2A71F9B-5D33-465A-A702-920D77279786}") = "fable-effect", "fable-effect.fsproj", "{D35D396A-21DA-4609-B609-A76F5EBB169A}"
EndProject
Global
	GlobalSection(SolutionConfigurationPlatforms) = preSolution
		Debug|Any CPU = Debug|Any CPU
		Release|Any CPU = Release|Any CPU
	EndGlobalSection
	GlobalSection(SolutionProperties) = preSolution
		HideSolutionNode = FALSE
	EndGlobalSection
	GlobalSection(ProjectConfigurationPlatforms) = postSolution
		{D35D396A-21DA-4609-B609-A76F5EBB169A}.Debug|Any CPU.ActiveCfg = Debug|Any CPU
		{D35D396A-21DA-4609-B609-A76F5EBB169A}.Debug|Any CPU.Build.0 = Debug|Any CPU
		{D35D396A-21DA-4609-B609-A76F5EBB169A}.Release|Any CPU.ActiveCfg = Release|Any CPU
		{D35D396A-21DA-4609-B609-A76F5EBB169A}.Release|Any CPU.Build.0 = Release|Any CPU
	EndGlobalSection
EndGlobal
